
Microsoft Visual Studio Solution File, Format Version 12.00
# Visual Studio 2012
Project("{FAE04EC0-301F-11D3-BF4B-00C04F79EFBC}") = "Coletor", "Coletor\Coletor.csproj", "{31DC1BF1-09B5-4B8D-926E-F67E03F051F3}"
EndProject
Project("{FAE04EC0-301F-11D3-BF4B-00C04F79EFBC}") = "Coletor.Examine", "Coletor.Examine\Coletor.Examine.csproj", "{0F4470EC-6925-42C1-83A7-190AE2E59991}"
EndProject
Global
	GlobalSection(SolutionConfigurationPlatforms) = preSolution
		Debug|Any CPU = Debug|Any CPU
		Release|Any CPU = Release|Any CPU
	EndGlobalSection
	GlobalSection(ProjectConfigurationPlatforms) = postSolution
		{31DC1BF1-09B5-4B8D-926E-F67E03F051F3}.Debug|Any CPU.ActiveCfg = Debug|Any CPU
		{31DC1BF1-09B5-4B8D-926E-F67E03F051F3}.Debug|Any CPU.Build.0 = Debug|Any CPU
		{31DC1BF1-09B5-4B8D-926E-F67E03F051F3}.Release|Any CPU.ActiveCfg = Release|Any CPU
		{31DC1BF1-09B5-4B8D-926E-F67E03F051F3}.Release|Any CPU.Build.0 = Release|Any CPU
		{0F4470EC-6925-42C1-83A7-190AE2E59991}.Debug|Any CPU.ActiveCfg = Debug|Any CPU
		{0F4470EC-6925-42C1-83A7-190AE2E59991}.Debug|Any CPU.Build.0 = Debug|Any CPU
		{0F4470EC-6925-42C1-83A7-190AE2E59991}.Release|Any CPU.ActiveCfg = Release|Any CPU
		{0F4470EC-6925-42C1-83A7-190AE2E59991}.Release|Any CPU.Build.0 = Release|Any CPU
	EndGlobalSection
	GlobalSection(SolutionProperties) = preSolution
		HideSolutionNode = FALSE
	EndGlobalSection
EndGlobal
